// !$*UTF8*$!
{
	archiveVersion = 1;
	classes = {
	};
	objectVersion = 46;
	objects = {

/* Begin PBXBuildFile section */
		2F87069A18A1E4AB00B59AC8 /* Foundation.framework in Frameworks */ = {isa = PBXBuildFile; fileRef = 2F87069918A1E4AB00B59AC8 /* Foundation.framework */; };
		2F87069D18A1E4AB00B59AC8 /* main.m in Sources */ = {isa = PBXBuildFile; fileRef = 2F87069C18A1E4AB00B59AC8 /* main.m */; };
		2F8706A118A1E4AB00B59AC8 /* PA3.1 in CopyFiles */ = {isa = PBXBuildFile; fileRef = 2F8706A018A1E4AB00B59AC8 /* PA3.1 */; };
		2F8706AC18A1F72100B59AC8 /* Student.m in Sources */ = {isa = PBXBuildFile; fileRef = 2F8706AB18A1F72100B59AC8 /* Student.m */; };
		2F8706AF18A1FBB000B59AC8 /* BandStudent.m in Sources */ = {isa = PBXBuildFile; fileRef = 2F8706AE18A1FBB000B59AC8 /* BandStudent.m */; };
/* End PBXBuildFile section */

/* Begin PBXCopyFilesBuildPhase section */
		2F87069418A1E4AB00B59AC8 /* CopyFiles */ = {
			isa = PBXCopyFilesBuildPhase;
			buildActionMask = 2147483647;
			dstPath = /usr/share/man/man1/;
			dstSubfolderSpec = 0;
			files = (
				2F8706A118A1E4AB00B59AC8 /* PA3.1 in CopyFiles */,
			);
			runOnlyForDeploymentPostprocessing = 1;
		};
/* End PBXCopyFilesBuildPhase section */

/* Begin PBXFileReference section */
		2F87069618A1E4AB00B59AC8 /* PA3 */ = {isa = PBXFileReference; explicitFileType = "compiled.mach-o.executable"; includeInIndex = 0; path = PA3; sourceTree = BUILT_PRODUCTS_DIR; };
		2F87069918A1E4AB00B59AC8 /* Foundation.framework */ = {isa = PBXFileReference; lastKnownFileType = wrapper.framework; name = Foundation.framework; path = System/Library/Frameworks/Foundation.framework; sourceTree = SDKROOT; };
		2F87069C18A1E4AB00B59AC8 /* main.m */ = {isa = PBXFileReference; lastKnownFileType = sourcecode.c.objc; path = main.m; sourceTree = "<group>"; };
		2F87069F18A1E4AB00B59AC8 /* PA3-Prefix.pch */ = {isa = PBXFileReference; lastKnownFileType = sourcecode.c.h; path = "PA3-Prefix.pch"; sourceTree = "<group>"; };
		2F8706A018A1E4AB00B59AC8 /* PA3.1 */ = {isa = PBXFileReference; lastKnownFileType = text.man; path = PA3.1; sourceTree = "<group>"; };
		2F8706AA18A1F72100B59AC8 /* Student.h */ = {isa = PBXFileReference; fileEncoding = 4; lastKnownFileType = sourcecode.c.h; path = Student.h; sourceTree = "<group>"; };
		2F8706AB18A1F72100B59AC8 /* Student.m */ = {isa = PBXFileReference; fileEncoding = 4; lastKnownFileType = sourcecode.c.objc; path = Student.m; sourceTree = "<group>"; };
		2F8706AD18A1FBB000B59AC8 /* BandStudent.h */ = {isa = PBXFileReference; fileEncoding = 4; lastKnownFileType = sourcecode.c.h; path = BandStudent.h; sourceTree = "<group>"; };
		2F8706AE18A1FBB000B59AC8 /* BandStudent.m */ = {isa = PBXFileReference; fileEncoding = 4; lastKnownFileType = sourcecode.c.objc; path = BandStudent.m; sourceTree = "<group>"; };
/* End PBXFileReference section */

/* Begin PBXFrameworksBuildPhase section */
		2F87069318A1E4AB00B59AC8 /* Frameworks */ = {
			isa = PBXFrameworksBuildPhase;
			buildActionMask = 2147483647;
			files = (
				2F87069A18A1E4AB00B59AC8 /* Foundation.framework in Frameworks */,
			);
			runOnlyForDeploymentPostprocessing = 0;
		};
/* End PBXFrameworksBuildPhase section */

/* Begin PBXGroup section */
		2F87068D18A1E4AB00B59AC8 = {
			isa = PBXGroup;
			children = (
				2F87069B18A1E4AB00B59AC8 /* PA3 */,
				2F87069818A1E4AB00B59AC8 /* Frameworks */,
				2F87069718A1E4AB00B59AC8 /* Products */,
			);
			sourceTree = "<group>";
		};
		2F87069718A1E4AB00B59AC8 /* Products */ = {
			isa = PBXGroup;
			children = (
				2F87069618A1E4AB00B59AC8 /* PA3 */,
			);
			name = Products;
			sourceTree = "<group>";
		};
		2F87069818A1E4AB00B59AC8 /* Frameworks */ = {
			isa = PBXGroup;
			children = (
				2F87069918A1E4AB00B59AC8 /* Foundation.framework */,
			);
			name = Frameworks;
			sourceTree = "<group>";
		};
		2F87069B18A1E4AB00B59AC8 /* PA3 */ = {
			isa = PBXGroup;
			children = (
				2F87069C18A1E4AB00B59AC8 /* main.m */,
				2F8706A018A1E4AB00B59AC8 /* PA3.1 */,
				2F87069E18A1E4AB00B59AC8 /* Supporting Files */,
				2F8706AA18A1F72100B59AC8 /* Student.h */,
				2F8706AB18A1F72100B59AC8 /* Student.m */,
			);
			path = PA3;
			sourceTree = "<group>";
		};
		2F87069E18A1E4AB00B59AC8 /* Supporting Files */ = {
			isa = PBXGroup;
			children = (
				2F87069F18A1E4AB00B59AC8 /* PA3-Prefix.pch */,
				2F8706AD18A1FBB000B59AC8 /* BandStudent.h */,
				2F8706AE18A1FBB000B59AC8 /* BandStudent.m */,
			);
			name = "Supporting Files";
			sourceTree = "<group>";
		};
/* End PBXGroup section */

/* Begin PBXNativeTarget section */
		2F87069518A1E4AB00B59AC8 /* PA3 */ = {
			isa = PBXNativeTarget;
			buildConfigurationList = 2F8706A418A1E4AB00B59AC8 /* Build configuration list for PBXNativeTarget "PA3" */;
			buildPhases = (
				2F87069218A1E4AB00B59AC8 /* Sources */,
				2F87069318A1E4AB00B59AC8 /* Frameworks */,
				2F87069418A1E4AB00B59AC8 /* CopyFiles */,
			);
			buildRules = (
			);
			dependencies = (
			);
			name = PA3;
			productName = PA3;
			productReference = 2F87069618A1E4AB00B59AC8 /* PA3 */;
			productType = "com.apple.product-type.tool";
		};
/* End PBXNativeTarget section */

/* Begin PBXProject section */
		2F87068E18A1E4AB00B59AC8 /* Project object */ = {
			isa = PBXProject;
			attributes = {
				LastUpgradeCheck = 0500;
				ORGANIZATIONNAME = "Toan Tran";
			};
			buildConfigurationList = 2F87069118A1E4AB00B59AC8 /* Build configuration list for PBXProject "PA3" */;
			compatibilityVersion = "Xcode 3.2";
			developmentRegion = English;
			hasScannedForEncodings = 0;
			knownRegions = (
				en,
			);
			mainGroup = 2F87068D18A1E4AB00B59AC8;
			productRefGroup = 2F87069718A1E4AB00B59AC8 /* Products */;
			projectDirPath = "";
			projectRoot = "";
			targets = (
				2F87069518A1E4AB00B59AC8 /* PA3 */,
			);
		};
/* End PBXProject section */

/* Begin PBXSourcesBuildPhase section */
		2F87069218A1E4AB00B59AC8 /* Sources */ = {
			isa = PBXSourcesBuildPhase;
			buildActionMask = 2147483647;
			files = (
				2F87069D18A1E4AB00B59AC8 /* main.m in Sources */,
				2F8706AF18A1FBB000B59AC8 /* BandStudent.m in Sources */,
				2F8706AC18A1F72100B59AC8 /* Student.m in Sources */,
			);
			runOnlyForDeploymentPostprocessing = 0;
		};
/* End PBXSourcesBuildPhase section */

/* Begin XCBuildConfiguration section */
		2F8706A218A1E4AB00B59AC8 /* Debug */ = {
			isa = XCBuildConfiguration;
			buildSettings = {
				ALWAYS_SEARCH_USER_PATHS = NO;
				CLANG_CXX_LANGUAGE_STANDARD = "gnu++0x";
				CLANG_CXX_LIBRARY = "libc++";
				CLANG_ENABLE_OBJC_ARC = YES;
				CLANG_WARN_BOOL_CONVERSION = YES;
				CLANG_WARN_CONSTANT_CONVERSION = YES;
				CLANG_WARN_DIRECT_OBJC_ISA_USAGE = YES_ERROR;
				CLANG_WARN_EMPTY_BODY = YES;
				CLANG_WARN_ENUM_CONVERSION = YES;
				CLANG_WARN_INT_CONVERSION = YES;
				CLANG_WARN_OBJC_ROOT_CLASS = YES_ERROR;
				CLANG_WARN__DUPLICATE_METHOD_MATCH = YES;
				COPY_PHASE_STRIP = NO;
				GCC_C_LANGUAGE_STANDARD = gnu99;
				GCC_DYNAMIC_NO_PIC = NO;
				GCC_ENABLE_OBJC_EXCEPTIONS = YES;
				GCC_OPTIMIZATION_LEVEL = 0;
				GCC_PREPROCESSOR_DEFINITIONS = (
					"DEBUG=1",
					"$(inherited)",
				);
				GCC_SYMBOLS_PRIVATE_EXTERN = NO;
				GCC_WARN_64_TO_32_BIT_CONVERSION = YES;
				GCC_WARN_ABOUT_RETURN_TYPE = YES_ERROR;
				GCC_WARN_UNDECLARED_SELECTOR = YES;
				GCC_WARN_UNINITIALIZED_AUTOS = YES;
				GCC_WARN_UNUSED_FUNCTION = YES;
				GCC_WARN_UNUSED_VARIABLE = YES;
				MACOSX_DEPLOYMENT_TARGET = 10.9;
				ONLY_ACTIVE_ARCH = YES;
				SDKROOT = macosx;
			};
			name = Debug;
		};
		2F8706A318A1E4AB00B59AC8 /* Release */ = {
			isa = XCBuildConfiguration;
			buildSettings = {
				ALWAYS_SEARCH_USER_PATHS = NO;
				CLANG_CXX_LANGUAGE_STANDARD = "gnu++0x";
				CLANG_CXX_LIBRARY = "libc++";
				CLANG_ENABLE_OBJC_ARC = YES;
				CLANG_WARN_BOOL_CONVERSION = YES;
				CLANG_WARN_CONSTANT_CONVERSION = YES;
				CLANG_WARN_DIRECT_OBJC_ISA_USAGE = YES_ERROR;
				CLANG_WARN_EMPTY_BODY = YES;
				CLANG_WARN_ENUM_CONVERSION = YES;
				CLANG_WARN_INT_CONVERSION = YES;
				CLANG_WARN_OBJC_ROOT_CLASS = YES_ERROR;
				CLANG_WARN__DUPLICATE_METHOD_MATCH = YES;
				COPY_PHASE_STRIP = YES;
				DEBUG_INFORMATION_FORMAT = "dwarf-with-dsym";
				ENABLE_NS_ASSERTIONS = NO;
				GCC_C_LANGUAGE_STANDARD = gnu99;
				GCC_ENABLE_OBJC_EXCEPTIONS = YES;
				GCC_WARN_64_TO_32_BIT_CONVERSION = YES;
				GCC_WARN_ABOUT_RETURN_TYPE = YES_ERROR;
				GCC_WARN_UNDECLARED_SELECTOR = YES;
				GCC_WARN_UNINITIALIZED_AUTOS = YES;
				GCC_WARN_UNUSED_FUNCTION = YES;
				GCC_WARN_UNUSED_VARIABLE = YES;
				MACOSX_DEPLOYMENT_TARGET = 10.9;
				SDKROOT = macosx;
			};
			name = Release;
		};
		2F8706A518A1E4AB00B59AC8 /* Debug */ = {
			isa = XCBuildConfiguration;
			buildSettings = {
				GCC_PRECOMPILE_PREFIX_HEADER = YES;
				GCC_PREFIX_HEADER = "PA3/PA3-Prefix.pch";
				PRODUCT_NAME = "$(TARGET_NAME)";
			};
			name = Debug;
		};
		2F8706A618A1E4AB00B59AC8 /* Release */ = {
			isa = XCBuildConfiguration;
			buildSettings = {
				GCC_PRECOMPILE_PREFIX_HEADER = YES;
				GCC_PREFIX_HEADER = "PA3/PA3-Prefix.pch";
				PRODUCT_NAME = "$(TARGET_NAME)";
			};
			name = Release;
		};
/* End XCBuildConfiguration section */

/* Begin XCConfigurationList section */
		2F87069118A1E4AB00B59AC8 /* Build configuration list for PBXProject "PA3" */ = {
			isa = XCConfigurationList;
			buildConfigurations = (
				2F8706A218A1E4AB00B59AC8 /* Debug */,
				2F8706A318A1E4AB00B59AC8 /* Release */,
			);
			defaultConfigurationIsVisible = 0;
			defaultConfigurationName = Release;
		};
		2F8706A418A1E4AB00B59AC8 /* Build configuration list for PBXNativeTarget "PA3" */ = {
			isa = XCConfigurationList;
			buildConfigurations = (
				2F8706A518A1E4AB00B59AC8 /* Debug */,
				2F8706A618A1E4AB00B59AC8 /* Release */,
			);
			defaultConfigurationIsVisible = 0;
		};
/* End XCConfigurationList section */
	};
	rootObject = 2F87068E18A1E4AB00B59AC8 /* Project object */;
}
